
Microsoft Visual Studio Solution File, Format Version 12.00
# Visual Studio Version 16
VisualStudioVersion = 16.0.31424.327
MinimumVisualStudioVersion = 10.0.40219.1
Project("{FAE04EC0-301F-11D3-BF4B-00C04F79EFBC}") = "JAR", "JAR\JAR.csproj", "{EC63B140-2D2A-4F65-A768-E79D68AD82C4}"
EndProject
Project("{FAE04EC0-301F-11D3-BF4B-00C04F79EFBC}") = "VMFParser", "VMFParser\VMFParser.csproj", "{67281760-D377-4C2D-8BA4-F155CA98D135}"
EndProject
Global
	GlobalSection(SolutionConfigurationPlatforms) = preSolution
		Debug|Any CPU = Debug|Any CPU
		Release|Any CPU = Release|Any CPU
	EndGlobalSection
	GlobalSection(ProjectConfigurationPlatforms) = postSolution
		{EC63B140-2D2A-4F65-A768-E79D68AD82C4}.Debug|Any CPU.ActiveCfg = Debug|Any CPU
		{EC63B140-2D2A-4F65-A768-E79D68AD82C4}.Debug|Any CPU.Build.0 = Debug|Any CPU
		{EC63B140-2D2A-4F65-A768-E79D68AD82C4}.Release|Any CPU.ActiveCfg = Release|Any CPU
		{EC63B140-2D2A-4F65-A768-E79D68AD82C4}.Release|Any CPU.Build.0 = Release|Any CPU
		{67281760-D377-4C2D-8BA4-F155CA98D135}.Debug|Any CPU.ActiveCfg = Debug|Any CPU
		{67281760-D377-4C2D-8BA4-F155CA98D135}.Debug|Any CPU.Build.0 = Debug|Any CPU
		{67281760-D377-4C2D-8BA4-F155CA98D135}.Release|Any CPU.ActiveCfg = Release|Any CPU
		{67281760-D377-4C2D-8BA4-F155CA98D135}.Release|Any CPU.Build.0 = Release|Any CPU
	EndGlobalSection
	GlobalSection(SolutionProperties) = preSolution
		HideSolutionNode = FALSE
	EndGlobalSection
	GlobalSection(ExtensibilityGlobals) = postSolution
		SolutionGuid = {7E8BD74C-86AC-456A-B491-C0BC0FBCF3D3}
	EndGlobalSection
EndGlobal
