
Microsoft Visual Studio Solution File, Format Version 12.00
# Visual Studio Version 16
VisualStudioVersion = 16.0.31424.327
MinimumVisualStudioVersion = 10.0.40219.1
Project("{9A19103F-16F7-4668-BE54-9A1E7A4F7556}") = "JERC", "JERC\JERC.csproj", "{EC63B140-2D2A-4F65-A768-E79D68AD82C4}"
EndProject
Project("{FAE04EC0-301F-11D3-BF4B-00C04F79EFBC}") = "VMFParser", "VMFParser\VMFParser.csproj", "{74567D15-3C03-42FB-82DB-06EA61D64970}"
EndProject
Global
	GlobalSection(SolutionConfigurationPlatforms) = preSolution
		Debug|Any CPU = Debug|Any CPU
		Release|Any CPU = Release|Any CPU
	EndGlobalSection
	GlobalSection(ProjectConfigurationPlatforms) = postSolution
		{EC63B140-2D2A-4F65-A768-E79D68AD82C4}.Debug|Any CPU.ActiveCfg = Debug|Any CPU
		{EC63B140-2D2A-4F65-A768-E79D68AD82C4}.Debug|Any CPU.Build.0 = Debug|Any CPU
		{EC63B140-2D2A-4F65-A768-E79D68AD82C4}.Release|Any CPU.ActiveCfg = Release|Any CPU
		{EC63B140-2D2A-4F65-A768-E79D68AD82C4}.Release|Any CPU.Build.0 = Release|Any CPU
		{74567D15-3C03-42FB-82DB-06EA61D64970}.Debug|Any CPU.ActiveCfg = Debug|Any CPU
		{74567D15-3C03-42FB-82DB-06EA61D64970}.Debug|Any CPU.Build.0 = Debug|Any CPU
		{74567D15-3C03-42FB-82DB-06EA61D64970}.Release|Any CPU.ActiveCfg = Release|Any CPU
		{74567D15-3C03-42FB-82DB-06EA61D64970}.Release|Any CPU.Build.0 = Release|Any CPU
	EndGlobalSection
	GlobalSection(SolutionProperties) = preSolution
		HideSolutionNode = FALSE
	EndGlobalSection
	GlobalSection(ExtensibilityGlobals) = postSolution
		SolutionGuid = {7E8BD74C-86AC-456A-B491-C0BC0FBCF3D3}
	EndGlobalSection
EndGlobal
